{
  "name": "exa-search-agent-example",
  "version": "1.0.0",
  "lockfileVersion": 3,
  "requires": true,
  "packages": {
    "": {
      "name": "exa-search-agent-example",
      "version": "1.0.0",
      "dependencies": {
        "@lightfastai/cli": "file:../../core/cli",
        "@types/node": "^24.3.0",
        "exa-js": "^1.6.13",
        "lightfast": "file:../../core/lightfast",
        "typescript": "^5.9.2",
        "zod": "^3.25.76"
      }
    },
    "../../core/cli": {
      "name": "@lightfastai/cli",
      "version": "1.0.0",
      "license": "MIT",
      "dependencies": {
        "@inquirer/prompts": "^7.8.4",
        "chalk": "^5.6.0",
        "chokidar": "^4.0.3",
        "commander": "^12.1.0",
        "esbuild": "^0.25.9",
        "keytar": "^7.9.0",
        "typescript": "^5.9.2",
        "zod": "^3.25.76"
      },
      "bin": {
        "cli": "dist/index.js"
      },
      "devDependencies": {
        "@repo/eslint-config": "workspace:*",
        "@repo/typescript-config": "workspace:*",
        "@types/node": "^24.3.0",
        "tsup": "^8.5.0"
      },
      "engines": {
        "node": ">=18"
      },
      "peerDependencies": {
        "lightfast": ">=0.1.0"
      },
      "peerDependenciesMeta": {
        "lightfast": {
          "optional": true
        }
      }
    },
    "../../core/lightfast": {
      "version": "0.2.1",
      "license": "MIT",
      "dependencies": {
        "@ai-sdk/anthropic": "2.0.4",
        "@ai-sdk/gateway": "^1.0.15",
        "@ai-sdk/provider": "2.0.0",
        "@t3-oss/env-core": "^0.12.0",
        "@upstash/qstash": "^2.8.1",
        "@upstash/redis": "^1.35.1",
        "ai": "5.0.15",
        "braintrust": "^0.2.1",
        "pino": "^9.7.0",
        "resumable-stream": "^2.0.0",
        "uuid": "^11.1.0",
        "zod": "^3.25.76"
      },
      "devDependencies": {
        "@repo/eslint-config": "workspace:*",
        "@repo/typescript-config": "workspace:*",
        "@rollup/rollup-darwin-arm64": "^4.46.2",
        "@types/node": "^24.3.0",
        "@types/react": "^19.1.11",
        "@types/uuid": "^10.0.0",
        "@vitest/coverage-v8": "^3.2.4",
        "@vitest/ui": "^3.2.4",
        "rollup": "^4.46.2",
        "tsup": "^8.5.0",
        "typescript": "^5.9.2",
        "vite": "^6.3.5",
        "vitest": "^3.2.4"
      },
      "engines": {
        "node": ">=18"
      }
    },
    "node_modules/@lightfastai/cli": {
      "resolved": "../../core/cli",
      "link": true
    },
    "node_modules/@types/node": {
      "version": "24.3.1",
      "resolved": "https://registry.npmjs.org/@types/node/-/node-24.3.1.tgz",
      "integrity": "sha512-3vXmQDXy+woz+gnrTvuvNrPzekOi+Ds0ReMxw0LzBiK3a+1k0kQn9f2NWk+lgD4rJehFUmYy2gMhJ2ZI+7YP9g==",
      "license": "MIT",
      "dependencies": {
        "undici-types": "~7.10.0"
      }
    },
    "node_modules/cross-fetch": {
      "version": "4.1.0",
      "resolved": "https://registry.npmjs.org/cross-fetch/-/cross-fetch-4.1.0.tgz",
      "integrity": "sha512-uKm5PU+MHTootlWEY+mZ4vvXoCn4fLQxT9dSc1sXVMSFkINTJVN8cAQROpwcKm8bJ/c7rgZVIBWzH5T78sNZZw==",
      "license": "MIT",
      "dependencies": {
        "node-fetch": "^2.7.0"
      }
    },
    "node_modules/dotenv": {
      "version": "16.4.7",
      "resolved": "https://registry.npmjs.org/dotenv/-/dotenv-16.4.7.tgz",
      "integrity": "sha512-47qPchRCykZC03FhkYAhrvwU4xDBFIj1QPqaarj6mdM/hgUzfPHcpkHJOn3mJAufFeeAxAzeGsr5X0M4k6fLZQ==",
      "license": "BSD-2-Clause",
      "engines": {
        "node": ">=12"
      },
      "funding": {
        "url": "https://dotenvx.com"
      }
    },
    "node_modules/exa-js": {
      "version": "1.9.3",
      "resolved": "https://registry.npmjs.org/exa-js/-/exa-js-1.9.3.tgz",
      "integrity": "sha512-4u8vO5KHstifBz6fcwcBVvU62zfwsWFpD8qomU2zQ+lLRYCwOh2Rz04xSSqEeoHrkCypGjy2VHez7elBt6ibQQ==",
      "license": "MIT",
      "dependencies": {
        "cross-fetch": "~4.1.0",
        "dotenv": "~16.4.7",
        "openai": "^5.0.1",
        "zod": "^3.22.0",
        "zod-to-json-schema": "^3.20.0"
      }
    },
    "node_modules/lightfast": {
      "resolved": "../../core/lightfast",
      "link": true
    },
    "node_modules/node-fetch": {
      "version": "2.7.0",
      "resolved": "https://registry.npmjs.org/node-fetch/-/node-fetch-2.7.0.tgz",
      "integrity": "sha512-c4FRfUm/dbcWZ7U+1Wq0AwCyFL+3nt2bEw05wfxSz+DWpWsitgmSgYmy2dQdWyKC1694ELPqMs/YzUSNozLt8A==",
      "license": "MIT",
      "dependencies": {
        "whatwg-url": "^5.0.0"
      },
      "engines": {
        "node": "4.x || >=6.0.0"
      },
      "peerDependencies": {
        "encoding": "^0.1.0"
      },
      "peerDependenciesMeta": {
        "encoding": {
          "optional": true
        }
      }
    },
    "node_modules/openai": {
      "version": "5.20.0",
      "resolved": "https://registry.npmjs.org/openai/-/openai-5.20.0.tgz",
      "integrity": "sha512-Bmc2zLM/YWgFrDpXr9hwXqGGDdMmMpE9+qoZPsaHpn0Y/Qk1Vu26hNqXo7+nHdli+sLsXINvS1f8kR3NKhGKmA==",
      "license": "Apache-2.0",
      "bin": {
        "openai": "bin/cli"
      },
      "peerDependencies": {
        "ws": "^8.18.0",
        "zod": "^3.23.8"
      },
      "peerDependenciesMeta": {
        "ws": {
          "optional": true
        },
        "zod": {
          "optional": true
        }
      }
    },
    "node_modules/tr46": {
      "version": "0.0.3",
      "resolved": "https://registry.npmjs.org/tr46/-/tr46-0.0.3.tgz",
      "integrity": "sha512-N3WMsuqV66lT30CrXNbEjx4GEwlow3v6rr4mCcv6prnfwhS01rkgyFdjPNBYd9br7LpXV1+Emh01fHnq2Gdgrw==",
      "license": "MIT"
    },
    "node_modules/typescript": {
      "version": "5.9.2",
      "resolved": "https://registry.npmjs.org/typescript/-/typescript-5.9.2.tgz",
      "integrity": "sha512-CWBzXQrc/qOkhidw1OzBTQuYRbfyxDXJMVJ1XNwUHGROVmuaeiEm3OslpZ1RV96d7SKKjZKrSJu3+t/xlw3R9A==",
      "license": "Apache-2.0",
      "bin": {
        "tsc": "bin/tsc",
        "tsserver": "bin/tsserver"
      },
      "engines": {
        "node": ">=14.17"
      }
    },
    "node_modules/undici-types": {
      "version": "7.10.0",
      "resolved": "https://registry.npmjs.org/undici-types/-/undici-types-7.10.0.tgz",
      "integrity": "sha512-t5Fy/nfn+14LuOc2KNYg75vZqClpAiqscVvMygNnlsHBFpSXdJaYtXMcdNLpl/Qvc3P2cB3s6lOV51nqsFq4ag==",
      "license": "MIT"
    },
    "node_modules/webidl-conversions": {
      "version": "3.0.1",
      "resolved": "https://registry.npmjs.org/webidl-conversions/-/webidl-conversions-3.0.1.tgz",
      "integrity": "sha512-2JAn3z8AR6rjK8Sm8orRC0h/bcl/DqL7tRPdGZ4I1CjdF+EaMLmYxBHyXuKL849eucPFhvBoxMsflfOb8kxaeQ==",
      "license": "BSD-2-Clause"
    },
    "node_modules/whatwg-url": {
      "version": "5.0.0",
      "resolved": "https://registry.npmjs.org/whatwg-url/-/whatwg-url-5.0.0.tgz",
      "integrity": "sha512-saE57nupxk6v3HY35+jzBwYa0rKSy0XR8JSxZPwgLr7ys0IBzhGviA1/TUGJLmSVqs8pb9AnvICXEuOHLprYTw==",
      "license": "MIT",
      "dependencies": {
        "tr46": "~0.0.3",
        "webidl-conversions": "^3.0.0"
      }
    },
    "node_modules/zod": {
      "version": "3.25.76",
      "resolved": "https://registry.npmjs.org/zod/-/zod-3.25.76.tgz",
      "integrity": "sha512-gzUt/qt81nXsFGKIFcC3YnfEAx5NkunCfnDlvuBSSFS02bcXu4Lmea0AFIUwbLWxWPx3d9p8S5QoaujKcNQxcQ==",
      "license": "MIT",
      "funding": {
        "url": "https://github.com/sponsors/colinhacks"
      }
    },
    "node_modules/zod-to-json-schema": {
      "version": "3.24.6",
      "resolved": "https://registry.npmjs.org/zod-to-json-schema/-/zod-to-json-schema-3.24.6.tgz",
      "integrity": "sha512-h/z3PKvcTcTetyjl1fkj79MHNEjm+HpD6NXheWjzOekY7kV+lwDYnHw+ivHkijnCSMz1yJaWBD9vu/Fcmk+vEg==",
      "license": "ISC",
      "peerDependencies": {
        "zod": "^3.24.1"
      }
    }
  }
}
