{
  "name": "lightfast-example-agent-chat",
  "version": "1.0.0",
  "lockfileVersion": 3,
  "requires": true,
  "packages": {
    "": {
      "name": "lightfast-example-agent-chat",
      "version": "1.0.0",
      "dependencies": {
        "@ai-sdk/gateway": "^1.0.15",
        "@lightfastai/cli": "file:../../core/cli",
        "ai": "5.0.15",
        "lightfast": "file:../../core/lightfast"
      },
      "devDependencies": {
        "@types/node": "^24.3.0",
        "typescript": "^5.9.2"
      }
    },
    "../../core/cli": {
      "name": "@lightfastai/cli",
      "version": "0.2.1",
      "license": "MIT",
      "dependencies": {
        "chalk": "^5.6.0",
        "chokidar": "^4.0.3",
        "commander": "^12.1.0",
        "esbuild": "^0.25.9",
        "zod": "^3.25.76"
      },
      "bin": {
        "cli": "dist/index.js"
      },
      "devDependencies": {
        "@repo/eslint-config": "workspace:*",
        "@repo/typescript-config": "workspace:*",
        "@types/node": "^24.3.0",
        "tsup": "^8.5.0",
        "typescript": "^5.9.2"
      },
      "engines": {
        "node": ">=18"
      },
      "peerDependencies": {
        "lightfast": ">=0.1.0"
      },
      "peerDependenciesMeta": {
        "lightfast": {
          "optional": true
        }
      }
    },
    "../../core/lightfast": {
      "version": "0.2.1",
      "license": "MIT",
      "dependencies": {
        "@ai-sdk/anthropic": "2.0.4",
        "@ai-sdk/gateway": "^1.0.15",
        "@ai-sdk/provider": "2.0.0",
        "@t3-oss/env-core": "^0.12.0",
        "@upstash/qstash": "^2.8.1",
        "@upstash/redis": "^1.35.1",
        "ai": "5.0.15",
        "braintrust": "^0.2.1",
        "pino": "^9.7.0",
        "resumable-stream": "^2.0.0",
        "uuid": "^11.1.0",
        "zod": "^3.25.76"
      },
      "devDependencies": {
        "@repo/eslint-config": "workspace:*",
        "@repo/typescript-config": "workspace:*",
        "@rollup/rollup-darwin-arm64": "^4.46.2",
        "@types/node": "^24.3.0",
        "@types/react": "^19.1.11",
        "@types/uuid": "^10.0.0",
        "@vitest/coverage-v8": "^3.2.4",
        "@vitest/ui": "^3.2.4",
        "rollup": "^4.46.2",
        "tsup": "^8.5.0",
        "typescript": "^5.9.2",
        "vite": "^6.3.5",
        "vitest": "^3.2.4"
      },
      "engines": {
        "node": ">=18"
      }
    },
    "../../core/lightfast/node_modules/@ai-sdk/gateway": {
      "version": "1.0.15",
      "license": "Apache-2.0",
      "dependencies": {
        "@ai-sdk/provider": "2.0.0",
        "@ai-sdk/provider-utils": "3.0.7"
      },
      "engines": {
        "node": ">=18"
      },
      "peerDependencies": {
        "zod": "^3.25.76 || ^4"
      }
    },
    "../../core/lightfast/node_modules/@ai-sdk/provider": {
      "version": "2.0.0",
      "license": "Apache-2.0",
      "dependencies": {
        "json-schema": "^0.4.0"
      },
      "engines": {
        "node": ">=18"
      }
    },
    "../../core/lightfast/node_modules/@ai-sdk/provider-utils": {
      "version": "3.0.7",
      "license": "Apache-2.0",
      "dependencies": {
        "@ai-sdk/provider": "2.0.0",
        "@standard-schema/spec": "^1.0.0",
        "eventsource-parser": "^3.0.5"
      },
      "engines": {
        "node": ">=18"
      },
      "peerDependencies": {
        "zod": "^3.25.76 || ^4"
      }
    },
    "../../core/lightfast/node_modules/@repo/eslint-config": {
      "resolved": "../../internal/eslint",
      "link": true
    },
    "../../core/lightfast/node_modules/@repo/typescript-config": {
      "resolved": "../../internal/typescript",
      "link": true
    },
    "../../core/lightfast/node_modules/@types/react": {
      "version": "19.1.11",
      "dev": true,
      "license": "MIT",
      "dependencies": {
        "csstype": "^3.0.2"
      }
    },
    "../../core/lightfast/node_modules/eventsource-parser": {
      "version": "3.0.5",
      "license": "MIT",
      "engines": {
        "node": ">=20.0.0"
      }
    },
    "../../core/lightfast/node_modules/uuid": {
      "version": "11.1.0",
      "funding": [
        "https://github.com/sponsors/broofa",
        "https://github.com/sponsors/ctavan"
      ],
      "license": "MIT",
      "bin": {
        "uuid": "dist/esm/bin/uuid"
      }
    },
    "../../internal/eslint": {
      "name": "@repo/eslint-config",
      "version": "0.3.0",
      "dev": true,
      "dependencies": {
        "@eslint/compat": "^1.2.9",
        "@next/eslint-plugin-next": "^15.3.3",
        "eslint-plugin-import": "^2.31.0",
        "eslint-plugin-jsx-a11y": "^6.10.2",
        "eslint-plugin-react": "^7.37.4",
        "eslint-plugin-react-hooks": "^6.0.0-rc.1",
        "eslint-plugin-turbo": "^2.5.4",
        "typescript-eslint": "^8.33.0"
      },
      "devDependencies": {
        "@repo/prettier-config": "workspace:*",
        "@repo/typescript-config": "workspace:*",
        "@types/eslint__js": "8.42.3",
        "eslint": "catalog:",
        "prettier": "catalog:",
        "typescript": "catalog:"
      }
    },
    "../../internal/eslint/node_modules/@repo/prettier-config": {
      "resolved": "../../internal/prettier",
      "link": true
    },
    "../../internal/eslint/node_modules/@repo/typescript-config": {
      "resolved": "../../internal/typescript",
      "link": true
    },
    "../../internal/prettier": {
      "name": "@repo/prettier-config",
      "version": "0.1.0",
      "dev": true,
      "dependencies": {
        "@ianvs/prettier-plugin-sort-imports": "^4.3.1",
        "prettier": "catalog:",
        "prettier-plugin-tailwindcss": "^0.6.8"
      },
      "devDependencies": {
        "@repo/typescript-config": "workspace:*",
        "typescript": "catalog:"
      }
    },
    "../../internal/prettier/node_modules/@repo/typescript-config": {
      "resolved": "../../internal/typescript",
      "link": true
    },
    "../../internal/typescript": {
      "name": "@repo/typescript-config",
      "version": "0.0.0",
      "dev": true,
      "license": "MIT"
    },
    "node_modules/@ai-sdk/gateway": {
      "version": "1.0.15",
      "license": "Apache-2.0",
      "dependencies": {
        "@ai-sdk/provider": "2.0.0",
        "@ai-sdk/provider-utils": "3.0.7"
      },
      "engines": {
        "node": ">=18"
      },
      "peerDependencies": {
        "zod": "^3.25.76 || ^4"
      }
    },
    "node_modules/@ai-sdk/provider": {
      "version": "2.0.0",
      "license": "Apache-2.0",
      "dependencies": {
        "json-schema": "^0.4.0"
      },
      "engines": {
        "node": ">=18"
      }
    },
    "node_modules/@ai-sdk/provider-utils": {
      "version": "3.0.7",
      "license": "Apache-2.0",
      "dependencies": {
        "@ai-sdk/provider": "2.0.0",
        "@standard-schema/spec": "^1.0.0",
        "eventsource-parser": "^3.0.5"
      },
      "engines": {
        "node": ">=18"
      },
      "peerDependencies": {
        "zod": "^3.25.76 || ^4"
      }
    },
    "node_modules/@lightfastai/cli": {
      "resolved": "../../core/cli",
      "link": true
    },
    "node_modules/@opentelemetry/api": {
      "version": "1.9.0",
      "resolved": "https://registry.npmjs.org/@opentelemetry/api/-/api-1.9.0.tgz",
      "integrity": "sha512-3giAOQvZiH5F9bMlMiv8+GSPMeqg0dbaeo58/0SlA9sxSqZhnUtxzX9/2FzyhS9sWQf5S0GJE0AKBrFqjpeYcg==",
      "license": "Apache-2.0",
      "engines": {
        "node": ">=8.0.0"
      }
    },
    "node_modules/@standard-schema/spec": {
      "version": "1.0.0",
      "resolved": "https://registry.npmjs.org/@standard-schema/spec/-/spec-1.0.0.tgz",
      "integrity": "sha512-m2bOd0f2RT9k8QJx1JN85cZYyH1RqFBdlwtkSlf4tBDYLCiiZnv1fIIwacK6cqwXavOydf0NPToMQgpKq+dVlA==",
      "license": "MIT"
    },
    "node_modules/@types/node": {
      "version": "24.3.0",
      "resolved": "https://registry.npmjs.org/@types/node/-/node-24.3.0.tgz",
      "integrity": "sha512-aPTXCrfwnDLj4VvXrm+UUCQjNEvJgNA8s5F1cvwQU+3KNltTOkBm1j30uNLyqqPNe7gE3KFzImYoZEfLhp4Yow==",
      "dev": true,
      "license": "MIT",
      "dependencies": {
        "undici-types": "~7.10.0"
      }
    },
    "node_modules/ai": {
      "version": "5.0.15",
      "resolved": "https://registry.npmjs.org/ai/-/ai-5.0.15.tgz",
      "integrity": "sha512-EX5hF+NVFm6R11mvdZRbg6eJEjyMlniI4/xOnyTh4VtDQ457lhIgi3kDGrHW3/qw9ELon9m2e7AK3g5z5sLwsQ==",
      "license": "Apache-2.0",
      "dependencies": {
        "@ai-sdk/gateway": "1.0.7",
        "@ai-sdk/provider": "2.0.0",
        "@ai-sdk/provider-utils": "3.0.3",
        "@opentelemetry/api": "1.9.0"
      },
      "engines": {
        "node": ">=18"
      },
      "peerDependencies": {
        "zod": "^3.25.76 || ^4"
      }
    },
    "node_modules/ai/node_modules/@ai-sdk/gateway": {
      "version": "1.0.7",
      "resolved": "https://registry.npmjs.org/@ai-sdk/gateway/-/gateway-1.0.7.tgz",
      "integrity": "sha512-Athrq7OARuNc0iHZJP6InhSQ53tImCc990vMWyR1UHaZgPZJbXjKhIMiOj54F0I0Nlemx48V4fHYUTfLkJotnQ==",
      "license": "Apache-2.0",
      "dependencies": {
        "@ai-sdk/provider": "2.0.0",
        "@ai-sdk/provider-utils": "3.0.3"
      },
      "engines": {
        "node": ">=18"
      },
      "peerDependencies": {
        "zod": "^3.25.76 || ^4"
      }
    },
    "node_modules/ai/node_modules/@ai-sdk/provider-utils": {
      "version": "3.0.3",
      "resolved": "https://registry.npmjs.org/@ai-sdk/provider-utils/-/provider-utils-3.0.3.tgz",
      "integrity": "sha512-kAxIw1nYmFW1g5TvE54ZB3eNtgZna0RnLjPUp1ltz1+t9xkXJIuDT4atrwfau9IbS0BOef38wqrI8CjFfQrxhw==",
      "license": "Apache-2.0",
      "dependencies": {
        "@ai-sdk/provider": "2.0.0",
        "@standard-schema/spec": "^1.0.0",
        "eventsource-parser": "^3.0.3",
        "zod-to-json-schema": "^3.24.1"
      },
      "engines": {
        "node": ">=18"
      },
      "peerDependencies": {
        "zod": "^3.25.76 || ^4"
      }
    },
    "node_modules/eventsource-parser": {
      "version": "3.0.5",
      "license": "MIT",
      "engines": {
        "node": ">=20.0.0"
      }
    },
    "node_modules/json-schema": {
      "version": "0.4.0",
      "resolved": "https://registry.npmjs.org/json-schema/-/json-schema-0.4.0.tgz",
      "integrity": "sha512-es94M3nTIfsEPisRafak+HDLfHXnKBhV3vU5eqPcS3flIWqcxJWgXHXiey3YrpaNsanY5ei1VoYEbOzijuq9BA==",
      "license": "(AFL-2.1 OR BSD-3-Clause)"
    },
    "node_modules/lightfast": {
      "resolved": "../../core/lightfast",
      "link": true
    },
    "node_modules/typescript": {
      "version": "5.9.2",
      "resolved": "https://registry.npmjs.org/typescript/-/typescript-5.9.2.tgz",
      "integrity": "sha512-CWBzXQrc/qOkhidw1OzBTQuYRbfyxDXJMVJ1XNwUHGROVmuaeiEm3OslpZ1RV96d7SKKjZKrSJu3+t/xlw3R9A==",
      "dev": true,
      "license": "Apache-2.0",
      "bin": {
        "tsc": "bin/tsc",
        "tsserver": "bin/tsserver"
      },
      "engines": {
        "node": ">=14.17"
      }
    },
    "node_modules/undici-types": {
      "version": "7.10.0",
      "resolved": "https://registry.npmjs.org/undici-types/-/undici-types-7.10.0.tgz",
      "integrity": "sha512-t5Fy/nfn+14LuOc2KNYg75vZqClpAiqscVvMygNnlsHBFpSXdJaYtXMcdNLpl/Qvc3P2cB3s6lOV51nqsFq4ag==",
      "dev": true,
      "license": "MIT"
    },
    "node_modules/zod": {
      "version": "3.25.76",
      "resolved": "https://registry.npmjs.org/zod/-/zod-3.25.76.tgz",
      "integrity": "sha512-gzUt/qt81nXsFGKIFcC3YnfEAx5NkunCfnDlvuBSSFS02bcXu4Lmea0AFIUwbLWxWPx3d9p8S5QoaujKcNQxcQ==",
      "license": "MIT",
      "peer": true,
      "funding": {
        "url": "https://github.com/sponsors/colinhacks"
      }
    },
    "node_modules/zod-to-json-schema": {
      "version": "3.24.6",
      "resolved": "https://registry.npmjs.org/zod-to-json-schema/-/zod-to-json-schema-3.24.6.tgz",
      "integrity": "sha512-h/z3PKvcTcTetyjl1fkj79MHNEjm+HpD6NXheWjzOekY7kV+lwDYnHw+ivHkijnCSMz1yJaWBD9vu/Fcmk+vEg==",
      "license": "ISC",
      "peerDependencies": {
        "zod": "^3.24.1"
      }
    }
  }
}
